PODS:
  - baidu_ocr (0.0.1):
    - Flutter
  - Flutter (1.0.0)

DEPENDENCIES:
  - baidu_ocr (from `.symlinks/plugins/baidu_ocr/ios`)
  - Flutter (from `Flutter`)

EXTERNAL SOURCES:
  baidu_ocr:
    :path: ".symlinks/plugins/baidu_ocr/ios"
  Flutter:
    :path: Flutter

SPEC CHECKSUMS:
  baidu_ocr: 2c4f41032d8622444a4ac75f2bb045d2f2cfaf68
  Flutter: 0e3d915762c693b495b44d77113d4970485de6ec

PODFILE CHECKSUM: 8e679eca47255a8ca8067c4c67aab20e64cb974d

COCOAPODS: 1.10.0.beta.1
