PODS:
  - baidu_ocr (0.0.1):
    - baidu_ocr/AipBase (= 0.0.1)
    - baidu_ocr/AipOcrSdk (= 0.0.1)
    - baidu_ocr/IdcardQuality (= 0.0.1)
    - Flutter
  - baidu_ocr/AipBase (0.0.1):
    - Flutter
  - baidu_ocr/AipOcrSdk (0.0.1):
    - Flutter
  - baidu_ocr/IdcardQuality (0.0.1):
    - Flutter
  - Flutter (1.0.0)

DEPENDENCIES:
  - baidu_ocr (from `.symlinks/plugins/baidu_ocr/ios`)
  - Flutter (from `Flutter`)

EXTERNAL SOURCES:
  baidu_ocr:
    :path: ".symlinks/plugins/baidu_ocr/ios"
  Flutter:
    :path: Flutter

SPEC CHECKSUMS:
  baidu_ocr: 79f8a8ddfb78d3099674fade9e84b6ba6556fa7b
  Flutter: 0e3d915762c693b495b44d77113d4970485de6ec

PODFILE CHECKSUM: b1f7a399522c118a74b177b13c01eca692aa7e6d

COCOAPODS: 1.10.0.beta.1
